
Microsoft Visual Studio Solution File, Format Version 12.00
# Visual Studio Version 16
VisualStudioVersion = 16.0.30330.147
MinimumVisualStudioVersion = 10.0.40219.1
Project("{FAE04EC0-301F-11D3-BF4B-00C04F79EFBC}") = "CalculadoraArea", "CalculadoraArea\CalculadoraArea.csproj", "{B39A11AC-418A-4923-8F72-94D981078E97}"
EndProject
Project("{FAE04EC0-301F-11D3-BF4B-00C04F79EFBC}") = "CalculadoraArea.Tests", "CalculadoraArea.Tests\CalculadoraArea.Tests.csproj", "{A4B6A507-D8F9-4530-B411-A0438552AB17}"
EndProject
Global
	GlobalSection(SolutionConfigurationPlatforms) = preSolution
		Debug|Any CPU = Debug|Any CPU
		Release|Any CPU = Release|Any CPU
	EndGlobalSection
	GlobalSection(ProjectConfigurationPlatforms) = postSolution
		{B39A11AC-418A-4923-8F72-94D981078E97}.Debug|Any CPU.ActiveCfg = Debug|Any CPU
		{B39A11AC-418A-4923-8F72-94D981078E97}.Debug|Any CPU.Build.0 = Debug|Any CPU
		{B39A11AC-418A-4923-8F72-94D981078E97}.Release|Any CPU.ActiveCfg = Release|Any CPU
		{B39A11AC-418A-4923-8F72-94D981078E97}.Release|Any CPU.Build.0 = Release|Any CPU
		{A4B6A507-D8F9-4530-B411-A0438552AB17}.Debug|Any CPU.ActiveCfg = Debug|Any CPU
		{A4B6A507-D8F9-4530-B411-A0438552AB17}.Debug|Any CPU.Build.0 = Debug|Any CPU
		{A4B6A507-D8F9-4530-B411-A0438552AB17}.Release|Any CPU.ActiveCfg = Release|Any CPU
		{A4B6A507-D8F9-4530-B411-A0438552AB17}.Release|Any CPU.Build.0 = Release|Any CPU
	EndGlobalSection
	GlobalSection(SolutionProperties) = preSolution
		HideSolutionNode = FALSE
	EndGlobalSection
	GlobalSection(ExtensibilityGlobals) = postSolution
		SolutionGuid = {B04A0C0C-8CFD-43AC-BBC9-81D9DBE8718E}
	EndGlobalSection
EndGlobal
